{
  "name": "nodeapp",
  "version": "1.0.0",
  "lockfileVersion": 3,
  "requires": true,
  "packages": {
    "": {
      "name": "nodeapp",
      "version": "1.0.0",
      "license": "ISC",
      "dependencies": {
        "@sindresorhus/fnv1a": "^3.1.0"
      }
    },
    "node_modules/@sindresorhus/fnv1a": {
      "version": "3.1.0",
      "resolved": "https://registry.npmjs.org/@sindresorhus/fnv1a/-/fnv1a-3.1.0.tgz",
      "integrity": "sha512-KV321z5m/0nuAg83W1dPLy85HpHDk7Sdi4fJbwvacWsEhAh+rZUW4ZfGcXmUIvjZg4ss2bcwNlRhJ7GBEUG08w==",
      "engines": {
        "node": "^12.20.0 || ^14.13.1 || >=16.0.0"
      },
      "funding": {
        "url": "https://github.com/sponsors/sindresorhus"
      }
    }
  }
}
